// !$*UTF8*$!
{
	archiveVersion = 1;
	classes = {
	};
	objectVersion = 55;
	objects = {

/* Begin PBXBuildFile section */
		3F850DF928426E6100A2354E /* AppDelegate.swift in Sources */ = {isa = PBXBuildFile; fileRef = 3F850DF828426E6100A2354E /* AppDelegate.swift */; };
		3F850DFB28426E6100A2354E /* SceneDelegate.swift in Sources */ = {isa = PBXBuildFile; fileRef = 3F850DFA28426E6100A2354E /* SceneDelegate.swift */; };
		3F850E0028426E6100A2354E /* Main.storyboard in Resources */ = {isa = PBXBuildFile; fileRef = 3F850DFE28426E6100A2354E /* Main.storyboard */; };
		3F850E0228426E6400A2354E /* Assets.xcassets in Resources */ = {isa = PBXBuildFile; fileRef = 3F850E0128426E6400A2354E /* Assets.xcassets */; };
		3F850E0528426E6400A2354E /* LaunchScreen.storyboard in Resources */ = {isa = PBXBuildFile; fileRef = 3F850E0328426E6400A2354E /* LaunchScreen.storyboard */; };
		3F850E0D28426E9600A2354E /* NetworkManager.swift in Sources */ = {isa = PBXBuildFile; fileRef = 3F850E0C28426E9600A2354E /* NetworkManager.swift */; };
		3F850E0F28426F2300A2354E /* HeroListViewController.swift in Sources */ = {isa = PBXBuildFile; fileRef = 3F850E0E28426F2300A2354E /* HeroListViewController.swift */; };
		3F850E122842702F00A2354E /* Hero.swift in Sources */ = {isa = PBXBuildFile; fileRef = 3F850E112842702F00A2354E /* Hero.swift */; };
		3F850E152843DE6B00A2354E /* HeroDetailViewController.swift in Sources */ = {isa = PBXBuildFile; fileRef = 3F850E142843DE6B00A2354E /* HeroDetailViewController.swift */; };
		3F850E19284679F000A2354E /* HeroesTabBarController.swift in Sources */ = {isa = PBXBuildFile; fileRef = 3F850E18284679F000A2354E /* HeroesTabBarController.swift */; };
/* End PBXBuildFile section */

/* Begin PBXFileReference section */
		3F850DF528426E6100A2354E /* ValorantHeroes.app */ = {isa = PBXFileReference; explicitFileType = wrapper.application; includeInIndex = 0; path = ValorantHeroes.app; sourceTree = BUILT_PRODUCTS_DIR; };
		3F850DF828426E6100A2354E /* AppDelegate.swift */ = {isa = PBXFileReference; lastKnownFileType = sourcecode.swift; path = AppDelegate.swift; sourceTree = "<group>"; };
		3F850DFA28426E6100A2354E /* SceneDelegate.swift */ = {isa = PBXFileReference; lastKnownFileType = sourcecode.swift; path = SceneDelegate.swift; sourceTree = "<group>"; };
		3F850DFF28426E6100A2354E /* Base */ = {isa = PBXFileReference; lastKnownFileType = file.storyboard; name = Base; path = Base.lproj/Main.storyboard; sourceTree = "<group>"; };
		3F850E0128426E6400A2354E /* Assets.xcassets */ = {isa = PBXFileReference; lastKnownFileType = folder.assetcatalog; path = Assets.xcassets; sourceTree = "<group>"; };
		3F850E0428426E6400A2354E /* Base */ = {isa = PBXFileReference; lastKnownFileType = file.storyboard; name = Base; path = Base.lproj/LaunchScreen.storyboard; sourceTree = "<group>"; };
		3F850E0628426E6400A2354E /* Info.plist */ = {isa = PBXFileReference; lastKnownFileType = text.plist.xml; path = Info.plist; sourceTree = "<group>"; };
		3F850E0C28426E9600A2354E /* NetworkManager.swift */ = {isa = PBXFileReference; lastKnownFileType = sourcecode.swift; path = NetworkManager.swift; sourceTree = "<group>"; };
		3F850E0E28426F2300A2354E /* HeroListViewController.swift */ = {isa = PBXFileReference; lastKnownFileType = sourcecode.swift; path = HeroListViewController.swift; sourceTree = "<group>"; };
		3F850E112842702F00A2354E /* Hero.swift */ = {isa = PBXFileReference; lastKnownFileType = sourcecode.swift; path = Hero.swift; sourceTree = "<group>"; };
		3F850E142843DE6B00A2354E /* HeroDetailViewController.swift */ = {isa = PBXFileReference; lastKnownFileType = sourcecode.swift; path = HeroDetailViewController.swift; sourceTree = "<group>"; };
		3F850E18284679F000A2354E /* HeroesTabBarController.swift */ = {isa = PBXFileReference; lastKnownFileType = sourcecode.swift; path = HeroesTabBarController.swift; sourceTree = "<group>"; };
/* End PBXFileReference section */

/* Begin PBXFrameworksBuildPhase section */
		3F850DF228426E6100A2354E /* Frameworks */ = {
			isa = PBXFrameworksBuildPhase;
			buildActionMask = 2147483647;
			files = (
			);
			runOnlyForDeploymentPostprocessing = 0;
		};
/* End PBXFrameworksBuildPhase section */

/* Begin PBXGroup section */
		3F850DEC28426E6100A2354E = {
			isa = PBXGroup;
			children = (
				3F850DF728426E6100A2354E /* ValorantHeroes */,
				3F850DF628426E6100A2354E /* Products */,
			);
			sourceTree = "<group>";
		};
		3F850DF628426E6100A2354E /* Products */ = {
			isa = PBXGroup;
			children = (
				3F850DF528426E6100A2354E /* ValorantHeroes.app */,
			);
			name = Products;
			sourceTree = "<group>";
		};
		3F850DF728426E6100A2354E /* ValorantHeroes */ = {
			isa = PBXGroup;
			children = (
				3F850E172846731300A2354E /* Views */,
				3F850E162843DE7100A2354E /* ViewControllers */,
				3F850E102842700700A2354E /* Models */,
				3F850E132842751600A2354E /* Services */,
				3F850DF828426E6100A2354E /* AppDelegate.swift */,
				3F850DFA28426E6100A2354E /* SceneDelegate.swift */,
				3F850DFE28426E6100A2354E /* Main.storyboard */,
				3F850E0128426E6400A2354E /* Assets.xcassets */,
				3F850E0328426E6400A2354E /* LaunchScreen.storyboard */,
				3F850E0628426E6400A2354E /* Info.plist */,
			);
			path = ValorantHeroes;
			sourceTree = "<group>";
		};
		3F850E102842700700A2354E /* Models */ = {
			isa = PBXGroup;
			children = (
				3F850E112842702F00A2354E /* Hero.swift */,
			);
			path = Models;
			sourceTree = "<group>";
		};
		3F850E132842751600A2354E /* Services */ = {
			isa = PBXGroup;
			children = (
				3F850E0C28426E9600A2354E /* NetworkManager.swift */,
			);
			path = Services;
			sourceTree = "<group>";
		};
		3F850E162843DE7100A2354E /* ViewControllers */ = {
			isa = PBXGroup;
			children = (
				3F850E0E28426F2300A2354E /* HeroListViewController.swift */,
				3F850E142843DE6B00A2354E /* HeroDetailViewController.swift */,
				3F850E18284679F000A2354E /* HeroesTabBarController.swift */,
			);
			path = ViewControllers;
			sourceTree = "<group>";
		};
		3F850E172846731300A2354E /* Views */ = {
			isa = PBXGroup;
			children = (
			);
			path = Views;
			sourceTree = "<group>";
		};
/* End PBXGroup section */

/* Begin PBXNativeTarget section */
		3F850DF428426E6100A2354E /* ValorantHeroes */ = {
			isa = PBXNativeTarget;
			buildConfigurationList = 3F850E0928426E6400A2354E /* Build configuration list for PBXNativeTarget "ValorantHeroes" */;
			buildPhases = (
				3F850DF128426E6100A2354E /* Sources */,
				3F850DF228426E6100A2354E /* Frameworks */,
				3F850DF328426E6100A2354E /* Resources */,
			);
			buildRules = (
			);
			dependencies = (
			);
			name = ValorantHeroes;
			productName = ValorantHeroes;
			productReference = 3F850DF528426E6100A2354E /* ValorantHeroes.app */;
			productType = "com.apple.product-type.application";
		};
/* End PBXNativeTarget section */

/* Begin PBXProject section */
		3F850DED28426E6100A2354E /* Project object */ = {
			isa = PBXProject;
			attributes = {
				BuildIndependentTargetsInParallel = 1;
				LastSwiftUpdateCheck = 1330;
				LastUpgradeCheck = 1330;
				TargetAttributes = {
					3F850DF428426E6100A2354E = {
						CreatedOnToolsVersion = 13.3.1;
					};
				};
			};
			buildConfigurationList = 3F850DF028426E6100A2354E /* Build configuration list for PBXProject "ValorantHeroes" */;
			compatibilityVersion = "Xcode 13.0";
			developmentRegion = en;
			hasScannedForEncodings = 0;
			knownRegions = (
				en,
				Base,
			);
			mainGroup = 3F850DEC28426E6100A2354E;
			productRefGroup = 3F850DF628426E6100A2354E /* Products */;
			projectDirPath = "";
			projectRoot = "";
			targets = (
				3F850DF428426E6100A2354E /* ValorantHeroes */,
			);
		};
/* End PBXProject section */

/* Begin PBXResourcesBuildPhase section */
		3F850DF328426E6100A2354E /* Resources */ = {
			isa = PBXResourcesBuildPhase;
			buildActionMask = 2147483647;
			files = (
				3F850E0528426E6400A2354E /* LaunchScreen.storyboard in Resources */,
				3F850E0228426E6400A2354E /* Assets.xcassets in Resources */,
				3F850E0028426E6100A2354E /* Main.storyboard in Resources */,
			);
			runOnlyForDeploymentPostprocessing = 0;
		};
/* End PBXResourcesBuildPhase section */

/* Begin PBXSourcesBuildPhase section */
		3F850DF128426E6100A2354E /* Sources */ = {
			isa = PBXSourcesBuildPhase;
			buildActionMask = 2147483647;
			files = (
				3F850E0D28426E9600A2354E /* NetworkManager.swift in Sources */,
				3F850E0F28426F2300A2354E /* HeroListViewController.swift in Sources */,
				3F850DF928426E6100A2354E /* AppDelegate.swift in Sources */,
				3F850E152843DE6B00A2354E /* HeroDetailViewController.swift in Sources */,
				3F850DFB28426E6100A2354E /* SceneDelegate.swift in Sources */,
				3F850E122842702F00A2354E /* Hero.swift in Sources */,
				3F850E19284679F000A2354E /* HeroesTabBarController.swift in Sources */,
			);
			runOnlyForDeploymentPostprocessing = 0;
		};
/* End PBXSourcesBuildPhase section */

/* Begin PBXVariantGroup section */
		3F850DFE28426E6100A2354E /* Main.storyboard */ = {
			isa = PBXVariantGroup;
			children = (
				3F850DFF28426E6100A2354E /* Base */,
			);
			name = Main.storyboard;
			sourceTree = "<group>";
		};
		3F850E0328426E6400A2354E /* LaunchScreen.storyboard */ = {
			isa = PBXVariantGroup;
			children = (
				3F850E0428426E6400A2354E /* Base */,
			);
			name = LaunchScreen.storyboard;
			sourceTree = "<group>";
		};
/* End PBXVariantGroup section */

/* Begin XCBuildConfiguration section */
		3F850E0728426E6400A2354E /* Debug */ = {
			isa = XCBuildConfiguration;
			buildSettings = {
				ALWAYS_SEARCH_USER_PATHS = NO;
				CLANG_ANALYZER_NONNULL = YES;
				CLANG_ANALYZER_NUMBER_OBJECT_CONVERSION = YES_AGGRESSIVE;
				CLANG_CXX_LANGUAGE_STANDARD = "gnu++17";
				CLANG_ENABLE_MODULES = YES;
				CLANG_ENABLE_OBJC_ARC = YES;
				CLANG_ENABLE_OBJC_WEAK = YES;
				CLANG_WARN_BLOCK_CAPTURE_AUTORELEASING = YES;
				CLANG_WARN_BOOL_CONVERSION = YES;
				CLANG_WARN_COMMA = YES;
				CLANG_WARN_CONSTANT_CONVERSION = YES;
				CLANG_WARN_DEPRECATED_OBJC_IMPLEMENTATIONS = YES;
				CLANG_WARN_DIRECT_OBJC_ISA_USAGE = YES_ERROR;
				CLANG_WARN_DOCUMENTATION_COMMENTS = YES;
				CLANG_WARN_EMPTY_BODY = YES;
				CLANG_WARN_ENUM_CONVERSION = YES;
				CLANG_WARN_INFINITE_RECURSION = YES;
				CLANG_WARN_INT_CONVERSION = YES;
				CLANG_WARN_NON_LITERAL_NULL_CONVERSION = YES;
				CLANG_WARN_OBJC_IMPLICIT_RETAIN_SELF = YES;
				CLANG_WARN_OBJC_LITERAL_CONVERSION = YES;
				CLANG_WARN_OBJC_ROOT_CLASS = YES_ERROR;
				CLANG_WARN_QUOTED_INCLUDE_IN_FRAMEWORK_HEADER = YES;
				CLANG_WARN_RANGE_LOOP_ANALYSIS = YES;
				CLANG_WARN_STRICT_PROTOTYPES = YES;
				CLANG_WARN_SUSPICIOUS_MOVE = YES;
				CLANG_WARN_UNGUARDED_AVAILABILITY = YES_AGGRESSIVE;
				CLANG_WARN_UNREACHABLE_CODE = YES;
				CLANG_WARN__DUPLICATE_METHOD_MATCH = YES;
				COPY_PHASE_STRIP = NO;
				DEBUG_INFORMATION_FORMAT = dwarf;
				ENABLE_STRICT_OBJC_MSGSEND = YES;
				ENABLE_TESTABILITY = YES;
				GCC_C_LANGUAGE_STANDARD = gnu11;
				GCC_DYNAMIC_NO_PIC = NO;
				GCC_NO_COMMON_BLOCKS = YES;
				GCC_OPTIMIZATION_LEVEL = 0;
				GCC_PREPROCESSOR_DEFINITIONS = (
					"DEBUG=1",
					"$(inherited)",
				);
				GCC_WARN_64_TO_32_BIT_CONVERSION = YES;
				GCC_WARN_ABOUT_RETURN_TYPE = YES_ERROR;
				GCC_WARN_UNDECLARED_SELECTOR = YES;
				GCC_WARN_UNINITIALIZED_AUTOS = YES_AGGRESSIVE;
				GCC_WARN_UNUSED_FUNCTION = YES;
				GCC_WARN_UNUSED_VARIABLE = YES;
				IPHONEOS_DEPLOYMENT_TARGET = 15.4;
				MTL_ENABLE_DEBUG_INFO = INCLUDE_SOURCE;
				MTL_FAST_MATH = YES;
				ONLY_ACTIVE_ARCH = YES;
				SDKROOT = iphoneos;
				SWIFT_ACTIVE_COMPILATION_CONDITIONS = DEBUG;
				SWIFT_OPTIMIZATION_LEVEL = "-Onone";
			};
			name = Debug;
		};
		3F850E0828426E6400A2354E /* Release */ = {
			isa = XCBuildConfiguration;
			buildSettings = {
				ALWAYS_SEARCH_USER_PATHS = NO;
				CLANG_ANALYZER_NONNULL = YES;
				CLANG_ANALYZER_NUMBER_OBJECT_CONVERSION = YES_AGGRESSIVE;
				CLANG_CXX_LANGUAGE_STANDARD = "gnu++17";
				CLANG_ENABLE_MODULES = YES;
				CLANG_ENABLE_OBJC_ARC = YES;
				CLANG_ENABLE_OBJC_WEAK = YES;
				CLANG_WARN_BLOCK_CAPTURE_AUTORELEASING = YES;
				CLANG_WARN_BOOL_CONVERSION = YES;
				CLANG_WARN_COMMA = YES;
				CLANG_WARN_CONSTANT_CONVERSION = YES;
				CLANG_WARN_DEPRECATED_OBJC_IMPLEMENTATIONS = YES;
				CLANG_WARN_DIRECT_OBJC_ISA_USAGE = YES_ERROR;
				CLANG_WARN_DOCUMENTATION_COMMENTS = YES;
				CLANG_WARN_EMPTY_BODY = YES;
				CLANG_WARN_ENUM_CONVERSION = YES;
				CLANG_WARN_INFINITE_RECURSION = YES;
				CLANG_WARN_INT_CONVERSION = YES;
				CLANG_WARN_NON_LITERAL_NULL_CONVERSION = YES;
				CLANG_WARN_OBJC_IMPLICIT_RETAIN_SELF = YES;
				CLANG_WARN_OBJC_LITERAL_CONVERSION = YES;
				CLANG_WARN_OBJC_ROOT_CLASS = YES_ERROR;
				CLANG_WARN_QUOTED_INCLUDE_IN_FRAMEWORK_HEADER = YES;
				CLANG_WARN_RANGE_LOOP_ANALYSIS = YES;
				CLANG_WARN_STRICT_PROTOTYPES = YES;
				CLANG_WARN_SUSPICIOUS_MOVE = YES;
				CLANG_WARN_UNGUARDED_AVAILABILITY = YES_AGGRESSIVE;
				CLANG_WARN_UNREACHABLE_CODE = YES;
				CLANG_WARN__DUPLICATE_METHOD_MATCH = YES;
				COPY_PHASE_STRIP = NO;
				DEBUG_INFORMATION_FORMAT = "dwarf-with-dsym";
				ENABLE_NS_ASSERTIONS = NO;
				ENABLE_STRICT_OBJC_MSGSEND = YES;
				GCC_C_LANGUAGE_STANDARD = gnu11;
				GCC_NO_COMMON_BLOCKS = YES;
				GCC_WARN_64_TO_32_BIT_CONVERSION = YES;
				GCC_WARN_ABOUT_RETURN_TYPE = YES_ERROR;
				GCC_WARN_UNDECLARED_SELECTOR = YES;
				GCC_WARN_UNINITIALIZED_AUTOS = YES_AGGRESSIVE;
				GCC_WARN_UNUSED_FUNCTION = YES;
				GCC_WARN_UNUSED_VARIABLE = YES;
				IPHONEOS_DEPLOYMENT_TARGET = 15.4;
				MTL_ENABLE_DEBUG_INFO = NO;
				MTL_FAST_MATH = YES;
				SDKROOT = iphoneos;
				SWIFT_COMPILATION_MODE = wholemodule;
				SWIFT_OPTIMIZATION_LEVEL = "-O";
				VALIDATE_PRODUCT = YES;
			};
			name = Release;
		};
		3F850E0A28426E6400A2354E /* Debug */ = {
			isa = XCBuildConfiguration;
			buildSettings = {
				ASSETCATALOG_COMPILER_APPICON_NAME = AppIcon;
				ASSETCATALOG_COMPILER_GLOBAL_ACCENT_COLOR_NAME = AccentColor;
				CODE_SIGN_STYLE = Automatic;
				CURRENT_PROJECT_VERSION = 1;
				DEVELOPMENT_TEAM = 7KD7ZDKV3W;
				GENERATE_INFOPLIST_FILE = YES;
				INFOPLIST_FILE = ValorantHeroes/Info.plist;
				INFOPLIST_KEY_UIApplicationSupportsIndirectInputEvents = YES;
				INFOPLIST_KEY_UILaunchStoryboardName = LaunchScreen;
				INFOPLIST_KEY_UIMainStoryboardFile = Main;
				INFOPLIST_KEY_UISupportedInterfaceOrientations_iPad = "UIInterfaceOrientationPortrait UIInterfaceOrientationPortraitUpsideDown UIInterfaceOrientationLandscapeLeft UIInterfaceOrientationLandscapeRight";
				INFOPLIST_KEY_UISupportedInterfaceOrientations_iPhone = "UIInterfaceOrientationPortrait UIInterfaceOrientationLandscapeLeft UIInterfaceOrientationLandscapeRight";
				LD_RUNPATH_SEARCH_PATHS = (
					"$(inherited)",
					"@executable_path/Frameworks",
				);
				MARKETING_VERSION = 1.0;
				PRODUCT_BUNDLE_IDENTIFIER = selfwork.ValorantHeroes;
				PRODUCT_NAME = "$(TARGET_NAME)";
				SWIFT_EMIT_LOC_STRINGS = YES;
				SWIFT_VERSION = 5.0;
				TARGETED_DEVICE_FAMILY = "1,2";
			};
			name = Debug;
		};
		3F850E0B28426E6400A2354E /* Release */ = {
			isa = XCBuildConfiguration;
			buildSettings = {
				ASSETCATALOG_COMPILER_APPICON_NAME = AppIcon;
				ASSETCATALOG_COMPILER_GLOBAL_ACCENT_COLOR_NAME = AccentColor;
				CODE_SIGN_STYLE = Automatic;
				CURRENT_PROJECT_VERSION = 1;
				DEVELOPMENT_TEAM = 7KD7ZDKV3W;
				GENERATE_INFOPLIST_FILE = YES;
				INFOPLIST_FILE = ValorantHeroes/Info.plist;
				INFOPLIST_KEY_UIApplicationSupportsIndirectInputEvents = YES;
				INFOPLIST_KEY_UILaunchStoryboardName = LaunchScreen;
				INFOPLIST_KEY_UIMainStoryboardFile = Main;
				INFOPLIST_KEY_UISupportedInterfaceOrientations_iPad = "UIInterfaceOrientationPortrait UIInterfaceOrientationPortraitUpsideDown UIInterfaceOrientationLandscapeLeft UIInterfaceOrientationLandscapeRight";
				INFOPLIST_KEY_UISupportedInterfaceOrientations_iPhone = "UIInterfaceOrientationPortrait UIInterfaceOrientationLandscapeLeft UIInterfaceOrientationLandscapeRight";
				LD_RUNPATH_SEARCH_PATHS = (
					"$(inherited)",
					"@executable_path/Frameworks",
				);
				MARKETING_VERSION = 1.0;
				PRODUCT_BUNDLE_IDENTIFIER = selfwork.ValorantHeroes;
				PRODUCT_NAME = "$(TARGET_NAME)";
				SWIFT_EMIT_LOC_STRINGS = YES;
				SWIFT_VERSION = 5.0;
				TARGETED_DEVICE_FAMILY = "1,2";
			};
			name = Release;
		};
/* End XCBuildConfiguration section */

/* Begin XCConfigurationList section */
		3F850DF028426E6100A2354E /* Build configuration list for PBXProject "ValorantHeroes" */ = {
			isa = XCConfigurationList;
			buildConfigurations = (
				3F850E0728426E6400A2354E /* Debug */,
				3F850E0828426E6400A2354E /* Release */,
			);
			defaultConfigurationIsVisible = 0;
			defaultConfigurationName = Release;
		};
		3F850E0928426E6400A2354E /* Build configuration list for PBXNativeTarget "ValorantHeroes" */ = {
			isa = XCConfigurationList;
			buildConfigurations = (
				3F850E0A28426E6400A2354E /* Debug */,
				3F850E0B28426E6400A2354E /* Release */,
			);
			defaultConfigurationIsVisible = 0;
			defaultConfigurationName = Release;
		};
/* End XCConfigurationList section */
	};
	rootObject = 3F850DED28426E6100A2354E /* Project object */;
}
